[["version","2"]]
["","git-latest",["https://github.com/dagger/sdk-sdk"],"refs/heads/main"]
["","git-sha",["https://github.com/dagger/sdk-sdk","refs/heads/main"],"334448911a8292fba0d677e5f31926c79ad80ad3"]
["","oci-sha",["docker.io/library/alpine:3.22"],"sha256:14358309a308569c32bdc37e2e0e9694be33a9d99e68afb0f5ff33cc1f695dce"]
["","oci-sha",["docker.io/library/golang:1.26-alpine"],"sha256:ce864e7223ac17b1775e6fd0b4c0db580c2eb50e7953a427916379e4b92a1628"]