[["version","2"]]
["","container.from",["docker.io/library/alpine:3.18","linux/arm64"],"sha256:de0eb0b3f2a47ba1eb89389859a9bd88b28e82f5826b6969ad604979713c2d4f"]
["","container.from",["docker.io/library/alpine:3.20.2","linux/arm64"],"sha256:0a4eaa0eecf5f8c050e5bba433f58c052be7587ee8af3e8b3910ef9ab5fbe9f5"]
["","container.from",["docker.io/library/alpine:3.22","linux/amd64"],"sha256:14358309a308569c32bdc37e2e0e9694be33a9d99e68afb0f5ff33cc1f695dce"]
["","container.from",["docker.io/library/alpine:3.22","linux/arm64"],"sha256:14358309a308569c32bdc37e2e0e9694be33a9d99e68afb0f5ff33cc1f695dce"]
["","container.from",["docker.io/library/golang:1.26-alpine","linux/arm64"],"sha256:28d89ee9cc0ff9fec75c82ca201e6bf7fdf9a679d4b7b24dfa04f2bb766bb468"]
["","container.from",["docker.io/library/nginx:1.25-alpine3.18","linux/arm64"],"sha256:31bad00311cb5eeb8a6648beadcf67277a175da89989f14727420a80e2e76742"]
["","git.ref",["https://github.com/dagger/dagger","refs/tags/v0.3.0"],{"ref":"refs/tags/v0.3.0","sha":"9c91b1e7b0e25296e9f89cce1b938dd249b37724"}]
["","git.ref",["https://github.com/dagger/polyfill","main"],{"sha":"ec3ea84a2351b4beb06ecece951f2e5ef66509ff"}]
["","git.ref",["https://github.com/dagger/sdk-sdk","HEAD"],{"sha":"00bb06748bcf22d724ed467f2298d31f1fb49be0"}]