# Generated by Dagger. Pins the images and git refs this workspace uses.
# Any Dagger command may update this file; always commit it with your changes.
# Run `dagger workspace update` to refresh the pinned versions.
[["version","2"]]
["","git-latest",["github.com/dagger/dang-sdk"],"refs/tags/v1.0.1"]
["","git-latest",["github.com/dagger/sdk-helpers",["version","v1"]],"refs/tags/v1.0.4"]
["","git-latest",["github.com/dagger/sdk-sdk"],"refs/heads/main"]
["","git-sha",["github.com/dagger/dang-sdk","refs/tags/v1.0.1"],"6dde4a9ca2cb598bf281ba36778d2428ad53aa48"]
["","git-sha",["github.com/dagger/sdk-helpers","refs/tags/v1.0.4"],"6c883f657933ecb06ae86d56d9cd1f8785346bb1"]
["","git-sha",["github.com/dagger/sdk-sdk","refs/heads/main"],"334448911a8292fba0d677e5f31926c79ad80ad3"]
["","oci-sha",["docker.io/library/alpine:3.22"],"sha256:14358309a308569c32bdc37e2e0e9694be33a9d99e68afb0f5ff33cc1f695dce"]
["","oci-sha",["docker.io/library/golang:1.26-alpine"],"sha256:ce864e7223ac17b1775e6fd0b4c0db580c2eb50e7953a427916379e4b92a1628"]
["","vanity-url",["https://dagger.io/sdk/helpers"],"https://github.com/dagger/sdk-helpers"]